
Microsoft Visual Studio Solution File, Format Version 12.00
# Visual Studio Version 16
VisualStudioVersion = 16.0.31205.134
MinimumVisualStudioVersion = 10.0.40219.1
Project("{FAE04EC0-301F-11D3-BF4B-00C04F79EFBC}") = "capitali-browser-1", "capitali-browser-1\capitali-browser-1.csproj", "{3FE8F172-ECD7-4CE0-99E8-94F1BD328DB2}"
EndProject
Global
	GlobalSection(SolutionConfigurationPlatforms) = preSolution
		Debug|Any CPU = Debug|Any CPU
		Release|Any CPU = Release|Any CPU
	EndGlobalSection
	GlobalSection(ProjectConfigurationPlatforms) = postSolution
		{3FE8F172-ECD7-4CE0-99E8-94F1BD328DB2}.Debug|Any CPU.ActiveCfg = Debug|Any CPU
		{3FE8F172-ECD7-4CE0-99E8-94F1BD328DB2}.Debug|Any CPU.Build.0 = Debug|Any CPU
		{3FE8F172-ECD7-4CE0-99E8-94F1BD328DB2}.Release|Any CPU.ActiveCfg = Release|Any CPU
		{3FE8F172-ECD7-4CE0-99E8-94F1BD328DB2}.Release|Any CPU.Build.0 = Release|Any CPU
	EndGlobalSection
	GlobalSection(SolutionProperties) = preSolution
		HideSolutionNode = FALSE
	EndGlobalSection
	GlobalSection(ExtensibilityGlobals) = postSolution
		SolutionGuid = {720DE8EB-81A0-4D5F-9E7B-B961C2D4F2EA}
	EndGlobalSection
EndGlobal
